// !$*UTF8*$!
{
	archiveVersion = 1;
	classes = {
	};
	objectVersion = 56;
	objects = {

/* Begin PBXBuildFile section */
		BCA6B4E72BD6C9DB00A3BC9D /* Medicine_TwoApp.swift in Sources */ = {isa = PBXBuildFile; fileRef = BCA6B4E62BD6C9DB00A3BC9D /* Medicine_TwoApp.swift */; };
		BCA6B4E92BD6C9DB00A3BC9D /* ContentView.swift in Sources */ = {isa = PBXBuildFile; fileRef = BCA6B4E82BD6C9DB00A3BC9D /* ContentView.swift */; };
		BCA6B4EB2BD6C9DB00A3BC9D /* Item.swift in Sources */ = {isa = PBXBuildFile; fileRef = BCA6B4EA2BD6C9DB00A3BC9D /* Item.swift */; };
		BCA6B4ED2BD6C9DD00A3BC9D /* Assets.xcassets in Resources */ = {isa = PBXBuildFile; fileRef = BCA6B4EC2BD6C9DD00A3BC9D /* Assets.xcassets */; };
		BCA6B4F12BD6C9DD00A3BC9D /* Preview Assets.xcassets in Resources */ = {isa = PBXBuildFile; fileRef = BCA6B4F02BD6C9DD00A3BC9D /* Preview Assets.xcassets */; };
		BCA6B4FB2BD6C9DD00A3BC9D /* Medicine_TwoTests.swift in Sources */ = {isa = PBXBuildFile; fileRef = BCA6B4FA2BD6C9DD00A3BC9D /* Medicine_TwoTests.swift */; };
		BCA6B5052BD6C9DD00A3BC9D /* Medicine_TwoUITests.swift in Sources */ = {isa = PBXBuildFile; fileRef = BCA6B5042BD6C9DD00A3BC9D /* Medicine_TwoUITests.swift */; };
		BCA6B5072BD6C9DD00A3BC9D /* Medicine_TwoUITestsLaunchTests.swift in Sources */ = {isa = PBXBuildFile; fileRef = BCA6B5062BD6C9DD00A3BC9D /* Medicine_TwoUITestsLaunchTests.swift */; };
/* End PBXBuildFile section */

/* Begin PBXContainerItemProxy section */
		BCA6B4F72BD6C9DD00A3BC9D /* PBXContainerItemProxy */ = {
			isa = PBXContainerItemProxy;
			containerPortal = BCA6B4DB2BD6C9DB00A3BC9D /* Project object */;
			proxyType = 1;
			remoteGlobalIDString = BCA6B4E22BD6C9DB00A3BC9D;
			remoteInfo = "Medicine-Two";
		};
		BCA6B5012BD6C9DD00A3BC9D /* PBXContainerItemProxy */ = {
			isa = PBXContainerItemProxy;
			containerPortal = BCA6B4DB2BD6C9DB00A3BC9D /* Project object */;
			proxyType = 1;
			remoteGlobalIDString = BCA6B4E22BD6C9DB00A3BC9D;
			remoteInfo = "Medicine-Two";
		};
/* End PBXContainerItemProxy section */

/* Begin PBXFileReference section */
		BCA6B4E32BD6C9DB00A3BC9D /* Medicine-Two.app */ = {isa = PBXFileReference; explicitFileType = wrapper.application; includeInIndex = 0; path = "Medicine-Two.app"; sourceTree = BUILT_PRODUCTS_DIR; };
		BCA6B4E62BD6C9DB00A3BC9D /* Medicine_TwoApp.swift */ = {isa = PBXFileReference; lastKnownFileType = sourcecode.swift; path = Medicine_TwoApp.swift; sourceTree = "<group>"; };
		BCA6B4E82BD6C9DB00A3BC9D /* ContentView.swift */ = {isa = PBXFileReference; lastKnownFileType = sourcecode.swift; path = ContentView.swift; sourceTree = "<group>"; };
		BCA6B4EA2BD6C9DB00A3BC9D /* Item.swift */ = {isa = PBXFileReference; lastKnownFileType = sourcecode.swift; path = Item.swift; sourceTree = "<group>"; };
		BCA6B4EC2BD6C9DD00A3BC9D /* Assets.xcassets */ = {isa = PBXFileReference; lastKnownFileType = folder.assetcatalog; path = Assets.xcassets; sourceTree = "<group>"; };
		BCA6B4EE2BD6C9DD00A3BC9D /* Medicine_Two.entitlements */ = {isa = PBXFileReference; lastKnownFileType = text.plist.entitlements; path = Medicine_Two.entitlements; sourceTree = "<group>"; };
		BCA6B4F02BD6C9DD00A3BC9D /* Preview Assets.xcassets */ = {isa = PBXFileReference; lastKnownFileType = folder.assetcatalog; path = "Preview Assets.xcassets"; sourceTree = "<group>"; };
		BCA6B4F62BD6C9DD00A3BC9D /* Medicine-TwoTests.xctest */ = {isa = PBXFileReference; explicitFileType = wrapper.cfbundle; includeInIndex = 0; path = "Medicine-TwoTests.xctest"; sourceTree = BUILT_PRODUCTS_DIR; };
		BCA6B4FA2BD6C9DD00A3BC9D /* Medicine_TwoTests.swift */ = {isa = PBXFileReference; lastKnownFileType = sourcecode.swift; path = Medicine_TwoTests.swift; sourceTree = "<group>"; };
		BCA6B5002BD6C9DD00A3BC9D /* Medicine-TwoUITests.xctest */ = {isa = PBXFileReference; explicitFileType = wrapper.cfbundle; includeInIndex = 0; path = "Medicine-TwoUITests.xctest"; sourceTree = BUILT_PRODUCTS_DIR; };
		BCA6B5042BD6C9DD00A3BC9D /* Medicine_TwoUITests.swift */ = {isa = PBXFileReference; lastKnownFileType = sourcecode.swift; path = Medicine_TwoUITests.swift; sourceTree = "<group>"; };
		BCA6B5062BD6C9DD00A3BC9D /* Medicine_TwoUITestsLaunchTests.swift */ = {isa = PBXFileReference; lastKnownFileType = sourcecode.swift; path = Medicine_TwoUITestsLaunchTests.swift; sourceTree = "<group>"; };
/* End PBXFileReference section */

/* Begin PBXFrameworksBuildPhase section */
		BCA6B4E02BD6C9DB00A3BC9D /* Frameworks */ = {
			isa = PBXFrameworksBuildPhase;
			buildActionMask = 2147483647;
			files = (
			);
			runOnlyForDeploymentPostprocessing = 0;
		};
		BCA6B4F32BD6C9DD00A3BC9D /* Frameworks */ = {
			isa = PBXFrameworksBuildPhase;
			buildActionMask = 2147483647;
			files = (
			);
			runOnlyForDeploymentPostprocessing = 0;
		};
		BCA6B4FD2BD6C9DD00A3BC9D /* Frameworks */ = {
			isa = PBXFrameworksBuildPhase;
			buildActionMask = 2147483647;
			files = (
			);
			runOnlyForDeploymentPostprocessing = 0;
		};
/* End PBXFrameworksBuildPhase section */

/* Begin PBXGroup section */
		BCA6B4DA2BD6C9DB00A3BC9D = {
			isa = PBXGroup;
			children = (
				BCA6B4E52BD6C9DB00A3BC9D /* Medicine-Two */,
				BCA6B4F92BD6C9DD00A3BC9D /* Medicine-TwoTests */,
				BCA6B5032BD6C9DD00A3BC9D /* Medicine-TwoUITests */,
				BCA6B4E42BD6C9DB00A3BC9D /* Products */,
			);
			sourceTree = "<group>";
		};
		BCA6B4E42BD6C9DB00A3BC9D /* Products */ = {
			isa = PBXGroup;
			children = (
				BCA6B4E32BD6C9DB00A3BC9D /* Medicine-Two.app */,
				BCA6B4F62BD6C9DD00A3BC9D /* Medicine-TwoTests.xctest */,
				BCA6B5002BD6C9DD00A3BC9D /* Medicine-TwoUITests.xctest */,
			);
			name = Products;
			sourceTree = "<group>";
		};
		BCA6B4E52BD6C9DB00A3BC9D /* Medicine-Two */ = {
			isa = PBXGroup;
			children = (
				BCA6B4E62BD6C9DB00A3BC9D /* Medicine_TwoApp.swift */,
				BCA6B4E82BD6C9DB00A3BC9D /* ContentView.swift */,
				BCA6B4EA2BD6C9DB00A3BC9D /* Item.swift */,
				BCA6B4EC2BD6C9DD00A3BC9D /* Assets.xcassets */,
				BCA6B4EE2BD6C9DD00A3BC9D /* Medicine_Two.entitlements */,
				BCA6B4EF2BD6C9DD00A3BC9D /* Preview Content */,
			);
			path = "Medicine-Two";
			sourceTree = "<group>";
		};
		BCA6B4EF2BD6C9DD00A3BC9D /* Preview Content */ = {
			isa = PBXGroup;
			children = (
				BCA6B4F02BD6C9DD00A3BC9D /* Preview Assets.xcassets */,
			);
			path = "Preview Content";
			sourceTree = "<group>";
		};
		BCA6B4F92BD6C9DD00A3BC9D /* Medicine-TwoTests */ = {
			isa = PBXGroup;
			children = (
				BCA6B4FA2BD6C9DD00A3BC9D /* Medicine_TwoTests.swift */,
			);
			path = "Medicine-TwoTests";
			sourceTree = "<group>";
		};
		BCA6B5032BD6C9DD00A3BC9D /* Medicine-TwoUITests */ = {
			isa = PBXGroup;
			children = (
				BCA6B5042BD6C9DD00A3BC9D /* Medicine_TwoUITests.swift */,
				BCA6B5062BD6C9DD00A3BC9D /* Medicine_TwoUITestsLaunchTests.swift */,
			);
			path = "Medicine-TwoUITests";
			sourceTree = "<group>";
		};
/* End PBXGroup section */

/* Begin PBXNativeTarget section */
		BCA6B4E22BD6C9DB00A3BC9D /* Medicine-Two */ = {
			isa = PBXNativeTarget;
			buildConfigurationList = BCA6B50A2BD6C9DD00A3BC9D /* Build configuration list for PBXNativeTarget "Medicine-Two" */;
			buildPhases = (
				BCA6B4DF2BD6C9DB00A3BC9D /* Sources */,
				BCA6B4E02BD6C9DB00A3BC9D /* Frameworks */,
				BCA6B4E12BD6C9DB00A3BC9D /* Resources */,
			);
			buildRules = (
			);
			dependencies = (
			);
			name = "Medicine-Two";
			productName = "Medicine-Two";
			productReference = BCA6B4E32BD6C9DB00A3BC9D /* Medicine-Two.app */;
			productType = "com.apple.product-type.application";
		};
		BCA6B4F52BD6C9DD00A3BC9D /* Medicine-TwoTests */ = {
			isa = PBXNativeTarget;
			buildConfigurationList = BCA6B50D2BD6C9DD00A3BC9D /* Build configuration list for PBXNativeTarget "Medicine-TwoTests" */;
			buildPhases = (
				BCA6B4F22BD6C9DD00A3BC9D /* Sources */,
				BCA6B4F32BD6C9DD00A3BC9D /* Frameworks */,
				BCA6B4F42BD6C9DD00A3BC9D /* Resources */,
			);
			buildRules = (
			);
			dependencies = (
				BCA6B4F82BD6C9DD00A3BC9D /* PBXTargetDependency */,
			);
			name = "Medicine-TwoTests";
			productName = "Medicine-TwoTests";
			productReference = BCA6B4F62BD6C9DD00A3BC9D /* Medicine-TwoTests.xctest */;
			productType = "com.apple.product-type.bundle.unit-test";
		};
		BCA6B4FF2BD6C9DD00A3BC9D /* Medicine-TwoUITests */ = {
			isa = PBXNativeTarget;
			buildConfigurationList = BCA6B5102BD6C9DD00A3BC9D /* Build configuration list for PBXNativeTarget "Medicine-TwoUITests" */;
			buildPhases = (
				BCA6B4FC2BD6C9DD00A3BC9D /* Sources */,
				BCA6B4FD2BD6C9DD00A3BC9D /* Frameworks */,
				BCA6B4FE2BD6C9DD00A3BC9D /* Resources */,
			);
			buildRules = (
			);
			dependencies = (
				BCA6B5022BD6C9DD00A3BC9D /* PBXTargetDependency */,
			);
			name = "Medicine-TwoUITests";
			productName = "Medicine-TwoUITests";
			productReference = BCA6B5002BD6C9DD00A3BC9D /* Medicine-TwoUITests.xctest */;
			productType = "com.apple.product-type.bundle.ui-testing";
		};
/* End PBXNativeTarget section */

/* Begin PBXProject section */
		BCA6B4DB2BD6C9DB00A3BC9D /* Project object */ = {
			isa = PBXProject;
			attributes = {
				BuildIndependentTargetsInParallel = 1;
				LastSwiftUpdateCheck = 1530;
				LastUpgradeCheck = 1530;
				TargetAttributes = {
					BCA6B4E22BD6C9DB00A3BC9D = {
						CreatedOnToolsVersion = 15.3;
					};
					BCA6B4F52BD6C9DD00A3BC9D = {
						CreatedOnToolsVersion = 15.3;
						TestTargetID = BCA6B4E22BD6C9DB00A3BC9D;
					};
					BCA6B4FF2BD6C9DD00A3BC9D = {
						CreatedOnToolsVersion = 15.3;
						TestTargetID = BCA6B4E22BD6C9DB00A3BC9D;
					};
				};
			};
			buildConfigurationList = BCA6B4DE2BD6C9DB00A3BC9D /* Build configuration list for PBXProject "Medicine-Two" */;
			compatibilityVersion = "Xcode 14.0";
			developmentRegion = en;
			hasScannedForEncodings = 0;
			knownRegions = (
				en,
				Base,
			);
			mainGroup = BCA6B4DA2BD6C9DB00A3BC9D;
			productRefGroup = BCA6B4E42BD6C9DB00A3BC9D /* Products */;
			projectDirPath = "";
			projectRoot = "";
			targets = (
				BCA6B4E22BD6C9DB00A3BC9D /* Medicine-Two */,
				BCA6B4F52BD6C9DD00A3BC9D /* Medicine-TwoTests */,
				BCA6B4FF2BD6C9DD00A3BC9D /* Medicine-TwoUITests */,
			);
		};
/* End PBXProject section */

/* Begin PBXResourcesBuildPhase section */
		BCA6B4E12BD6C9DB00A3BC9D /* Resources */ = {
			isa = PBXResourcesBuildPhase;
			buildActionMask = 2147483647;
			files = (
				BCA6B4F12BD6C9DD00A3BC9D /* Preview Assets.xcassets in Resources */,
				BCA6B4ED2BD6C9DD00A3BC9D /* Assets.xcassets in Resources */,
			);
			runOnlyForDeploymentPostprocessing = 0;
		};
		BCA6B4F42BD6C9DD00A3BC9D /* Resources */ = {
			isa = PBXResourcesBuildPhase;
			buildActionMask = 2147483647;
			files = (
			);
			runOnlyForDeploymentPostprocessing = 0;
		};
		BCA6B4FE2BD6C9DD00A3BC9D /* Resources */ = {
			isa = PBXResourcesBuildPhase;
			buildActionMask = 2147483647;
			files = (
			);
			runOnlyForDeploymentPostprocessing = 0;
		};
/* End PBXResourcesBuildPhase section */

/* Begin PBXSourcesBuildPhase section */
		BCA6B4DF2BD6C9DB00A3BC9D /* Sources */ = {
			isa = PBXSourcesBuildPhase;
			buildActionMask = 2147483647;
			files = (
				BCA6B4E92BD6C9DB00A3BC9D /* ContentView.swift in Sources */,
				BCA6B4EB2BD6C9DB00A3BC9D /* Item.swift in Sources */,
				BCA6B4E72BD6C9DB00A3BC9D /* Medicine_TwoApp.swift in Sources */,
			);
			runOnlyForDeploymentPostprocessing = 0;
		};
		BCA6B4F22BD6C9DD00A3BC9D /* Sources */ = {
			isa = PBXSourcesBuildPhase;
			buildActionMask = 2147483647;
			files = (
				BCA6B4FB2BD6C9DD00A3BC9D /* Medicine_TwoTests.swift in Sources */,
			);
			runOnlyForDeploymentPostprocessing = 0;
		};
		BCA6B4FC2BD6C9DD00A3BC9D /* Sources */ = {
			isa = PBXSourcesBuildPhase;
			buildActionMask = 2147483647;
			files = (
				BCA6B5052BD6C9DD00A3BC9D /* Medicine_TwoUITests.swift in Sources */,
				BCA6B5072BD6C9DD00A3BC9D /* Medicine_TwoUITestsLaunchTests.swift in Sources */,
			);
			runOnlyForDeploymentPostprocessing = 0;
		};
/* End PBXSourcesBuildPhase section */

/* Begin PBXTargetDependency section */
		BCA6B4F82BD6C9DD00A3BC9D /* PBXTargetDependency */ = {
			isa = PBXTargetDependency;
			target = BCA6B4E22BD6C9DB00A3BC9D /* Medicine-Two */;
			targetProxy = BCA6B4F72BD6C9DD00A3BC9D /* PBXContainerItemProxy */;
		};
		BCA6B5022BD6C9DD00A3BC9D /* PBXTargetDependency */ = {
			isa = PBXTargetDependency;
			target = BCA6B4E22BD6C9DB00A3BC9D /* Medicine-Two */;
			targetProxy = BCA6B5012BD6C9DD00A3BC9D /* PBXContainerItemProxy */;
		};
/* End PBXTargetDependency section */

/* Begin XCBuildConfiguration section */
		BCA6B5082BD6C9DD00A3BC9D /* Debug */ = {
			isa = XCBuildConfiguration;
			buildSettings = {
				ALWAYS_SEARCH_USER_PATHS = NO;
				ASSETCATALOG_COMPILER_GENERATE_SWIFT_ASSET_SYMBOL_EXTENSIONS = YES;
				CLANG_ANALYZER_NONNULL = YES;
				CLANG_ANALYZER_NUMBER_OBJECT_CONVERSION = YES_AGGRESSIVE;
				CLANG_CXX_LANGUAGE_STANDARD = "gnu++20";
				CLANG_ENABLE_MODULES = YES;
				CLANG_ENABLE_OBJC_ARC = YES;
				CLANG_ENABLE_OBJC_WEAK = YES;
				CLANG_WARN_BLOCK_CAPTURE_AUTORELEASING = YES;
				CLANG_WARN_BOOL_CONVERSION = YES;
				CLANG_WARN_COMMA = YES;
				CLANG_WARN_CONSTANT_CONVERSION = YES;
				CLANG_WARN_DEPRECATED_OBJC_IMPLEMENTATIONS = YES;
				CLANG_WARN_DIRECT_OBJC_ISA_USAGE = YES_ERROR;
				CLANG_WARN_DOCUMENTATION_COMMENTS = YES;
				CLANG_WARN_EMPTY_BODY = YES;
				CLANG_WARN_ENUM_CONVERSION = YES;
				CLANG_WARN_INFINITE_RECURSION = YES;
				CLANG_WARN_INT_CONVERSION = YES;
				CLANG_WARN_NON_LITERAL_NULL_CONVERSION = YES;
				CLANG_WARN_OBJC_IMPLICIT_RETAIN_SELF = YES;
				CLANG_WARN_OBJC_LITERAL_CONVERSION = YES;
				CLANG_WARN_OBJC_ROOT_CLASS = YES_ERROR;
				CLANG_WARN_QUOTED_INCLUDE_IN_FRAMEWORK_HEADER = YES;
				CLANG_WARN_RANGE_LOOP_ANALYSIS = YES;
				CLANG_WARN_STRICT_PROTOTYPES = YES;
				CLANG_WARN_SUSPICIOUS_MOVE = YES;
				CLANG_WARN_UNGUARDED_AVAILABILITY = YES_AGGRESSIVE;
				CLANG_WARN_UNREACHABLE_CODE = YES;
				CLANG_WARN__DUPLICATE_METHOD_MATCH = YES;
				COPY_PHASE_STRIP = NO;
				DEBUG_INFORMATION_FORMAT = dwarf;
				ENABLE_STRICT_OBJC_MSGSEND = YES;
				ENABLE_TESTABILITY = YES;
				ENABLE_USER_SCRIPT_SANDBOXING = YES;
				GCC_C_LANGUAGE_STANDARD = gnu17;
				GCC_DYNAMIC_NO_PIC = NO;
				GCC_NO_COMMON_BLOCKS = YES;
				GCC_OPTIMIZATION_LEVEL = 0;
				GCC_PREPROCESSOR_DEFINITIONS = (
					"DEBUG=1",
					"$(inherited)",
				);
				GCC_WARN_64_TO_32_BIT_CONVERSION = YES;
				GCC_WARN_ABOUT_RETURN_TYPE = YES_ERROR;
				GCC_WARN_UNDECLARED_SELECTOR = YES;
				GCC_WARN_UNINITIALIZED_AUTOS = YES_AGGRESSIVE;
				GCC_WARN_UNUSED_FUNCTION = YES;
				GCC_WARN_UNUSED_VARIABLE = YES;
				LOCALIZATION_PREFERS_STRING_CATALOGS = YES;
				MTL_ENABLE_DEBUG_INFO = INCLUDE_SOURCE;
				MTL_FAST_MATH = YES;
				ONLY_ACTIVE_ARCH = YES;
				SWIFT_ACTIVE_COMPILATION_CONDITIONS = "DEBUG $(inherited)";
				SWIFT_OPTIMIZATION_LEVEL = "-Onone";
			};
			name = Debug;
		};
		BCA6B5092BD6C9DD00A3BC9D /* Release */ = {
			isa = XCBuildConfiguration;
			buildSettings = {
				ALWAYS_SEARCH_USER_PATHS = NO;
				ASSETCATALOG_COMPILER_GENERATE_SWIFT_ASSET_SYMBOL_EXTENSIONS = YES;
				CLANG_ANALYZER_NONNULL = YES;
				CLANG_ANALYZER_NUMBER_OBJECT_CONVERSION = YES_AGGRESSIVE;
				CLANG_CXX_LANGUAGE_STANDARD = "gnu++20";
				CLANG_ENABLE_MODULES = YES;
				CLANG_ENABLE_OBJC_ARC = YES;
				CLANG_ENABLE_OBJC_WEAK = YES;
				CLANG_WARN_BLOCK_CAPTURE_AUTORELEASING = YES;
				CLANG_WARN_BOOL_CONVERSION = YES;
				CLANG_WARN_COMMA = YES;
				CLANG_WARN_CONSTANT_CONVERSION = YES;
				CLANG_WARN_DEPRECATED_OBJC_IMPLEMENTATIONS = YES;
				CLANG_WARN_DIRECT_OBJC_ISA_USAGE = YES_ERROR;
				CLANG_WARN_DOCUMENTATION_COMMENTS = YES;
				CLANG_WARN_EMPTY_BODY = YES;
				CLANG_WARN_ENUM_CONVERSION = YES;
				CLANG_WARN_INFINITE_RECURSION = YES;
				CLANG_WARN_INT_CONVERSION = YES;
				CLANG_WARN_NON_LITERAL_NULL_CONVERSION = YES;
				CLANG_WARN_OBJC_IMPLICIT_RETAIN_SELF = YES;
				CLANG_WARN_OBJC_LITERAL_CONVERSION = YES;
				CLANG_WARN_OBJC_ROOT_CLASS = YES_ERROR;
				CLANG_WARN_QUOTED_INCLUDE_IN_FRAMEWORK_HEADER = YES;
				CLANG_WARN_RANGE_LOOP_ANALYSIS = YES;
				CLANG_WARN_STRICT_PROTOTYPES = YES;
				CLANG_WARN_SUSPICIOUS_MOVE = YES;
				CLANG_WARN_UNGUARDED_AVAILABILITY = YES_AGGRESSIVE;
				CLANG_WARN_UNREACHABLE_CODE = YES;
				CLANG_WARN__DUPLICATE_METHOD_MATCH = YES;
				COPY_PHASE_STRIP = NO;
				DEBUG_INFORMATION_FORMAT = "dwarf-with-dsym";
				ENABLE_NS_ASSERTIONS = NO;
				ENABLE_STRICT_OBJC_MSGSEND = YES;
				ENABLE_USER_SCRIPT_SANDBOXING = YES;
				GCC_C_LANGUAGE_STANDARD = gnu17;
				GCC_NO_COMMON_BLOCKS = YES;
				GCC_WARN_64_TO_32_BIT_CONVERSION = YES;
				GCC_WARN_ABOUT_RETURN_TYPE = YES_ERROR;
				GCC_WARN_UNDECLARED_SELECTOR = YES;
				GCC_WARN_UNINITIALIZED_AUTOS = YES_AGGRESSIVE;
				GCC_WARN_UNUSED_FUNCTION = YES;
				GCC_WARN_UNUSED_VARIABLE = YES;
				LOCALIZATION_PREFERS_STRING_CATALOGS = YES;
				MTL_ENABLE_DEBUG_INFO = NO;
				MTL_FAST_MATH = YES;
				SWIFT_COMPILATION_MODE = wholemodule;
			};
			name = Release;
		};
		BCA6B50B2BD6C9DD00A3BC9D /* Debug */ = {
			isa = XCBuildConfiguration;
			buildSettings = {
				ASSETCATALOG_COMPILER_APPICON_NAME = AppIcon;
				ASSETCATALOG_COMPILER_GLOBAL_ACCENT_COLOR_NAME = AccentColor;
				CODE_SIGN_ENTITLEMENTS = "Medicine-Two/Medicine_Two.entitlements";
				CODE_SIGN_STYLE = Automatic;
				CURRENT_PROJECT_VERSION = 1;
				DEVELOPMENT_ASSET_PATHS = "\"Medicine-Two/Preview Content\"";
				DEVELOPMENT_TEAM = Z7K99Z9PAU;
				ENABLE_HARDENED_RUNTIME = YES;
				ENABLE_PREVIEWS = YES;
				GENERATE_INFOPLIST_FILE = YES;
				"INFOPLIST_KEY_UIApplicationSceneManifest_Generation[sdk=iphoneos*]" = YES;
				"INFOPLIST_KEY_UIApplicationSceneManifest_Generation[sdk=iphonesimulator*]" = YES;
				"INFOPLIST_KEY_UIApplicationSupportsIndirectInputEvents[sdk=iphoneos*]" = YES;
				"INFOPLIST_KEY_UIApplicationSupportsIndirectInputEvents[sdk=iphonesimulator*]" = YES;
				"INFOPLIST_KEY_UILaunchScreen_Generation[sdk=iphoneos*]" = YES;
				"INFOPLIST_KEY_UILaunchScreen_Generation[sdk=iphonesimulator*]" = YES;
				"INFOPLIST_KEY_UIStatusBarStyle[sdk=iphoneos*]" = UIStatusBarStyleDefault;
				"INFOPLIST_KEY_UIStatusBarStyle[sdk=iphonesimulator*]" = UIStatusBarStyleDefault;
				INFOPLIST_KEY_UISupportedInterfaceOrientations_iPad = "UIInterfaceOrientationPortrait UIInterfaceOrientationPortraitUpsideDown UIInterfaceOrientationLandscapeLeft UIInterfaceOrientationLandscapeRight";
				INFOPLIST_KEY_UISupportedInterfaceOrientations_iPhone = "UIInterfaceOrientationPortrait UIInterfaceOrientationLandscapeLeft UIInterfaceOrientationLandscapeRight";
				IPHONEOS_DEPLOYMENT_TARGET = 17.4;
				LD_RUNPATH_SEARCH_PATHS = "@executable_path/Frameworks";
				"LD_RUNPATH_SEARCH_PATHS[sdk=macosx*]" = "@executable_path/../Frameworks";
				MACOSX_DEPLOYMENT_TARGET = 14.0;
				MARKETING_VERSION = 1.0;
				PRODUCT_BUNDLE_IDENTIFIER = "KaifxDev.Medicine-Two";
				PRODUCT_NAME = "$(TARGET_NAME)";
				SDKROOT = auto;
				SUPPORTED_PLATFORMS = "iphoneos iphonesimulator macosx";
				SWIFT_EMIT_LOC_STRINGS = YES;
				SWIFT_VERSION = 5.0;
				TARGETED_DEVICE_FAMILY = "1,2";
			};
			name = Debug;
		};
		BCA6B50C2BD6C9DD00A3BC9D /* Release */ = {
			isa = XCBuildConfiguration;
			buildSettings = {
				ASSETCATALOG_COMPILER_APPICON_NAME = AppIcon;
				ASSETCATALOG_COMPILER_GLOBAL_ACCENT_COLOR_NAME = AccentColor;
				CODE_SIGN_ENTITLEMENTS = "Medicine-Two/Medicine_Two.entitlements";
				CODE_SIGN_STYLE = Automatic;
				CURRENT_PROJECT_VERSION = 1;
				DEVELOPMENT_ASSET_PATHS = "\"Medicine-Two/Preview Content\"";
				DEVELOPMENT_TEAM = Z7K99Z9PAU;
				ENABLE_HARDENED_RUNTIME = YES;
				ENABLE_PREVIEWS = YES;
				GENERATE_INFOPLIST_FILE = YES;
				"INFOPLIST_KEY_UIApplicationSceneManifest_Generation[sdk=iphoneos*]" = YES;
				"INFOPLIST_KEY_UIApplicationSceneManifest_Generation[sdk=iphonesimulator*]" = YES;
				"INFOPLIST_KEY_UIApplicationSupportsIndirectInputEvents[sdk=iphoneos*]" = YES;
				"INFOPLIST_KEY_UIApplicationSupportsIndirectInputEvents[sdk=iphonesimulator*]" = YES;
				"INFOPLIST_KEY_UILaunchScreen_Generation[sdk=iphoneos*]" = YES;
				"INFOPLIST_KEY_UILaunchScreen_Generation[sdk=iphonesimulator*]" = YES;
				"INFOPLIST_KEY_UIStatusBarStyle[sdk=iphoneos*]" = UIStatusBarStyleDefault;
				"INFOPLIST_KEY_UIStatusBarStyle[sdk=iphonesimulator*]" = UIStatusBarStyleDefault;
				INFOPLIST_KEY_UISupportedInterfaceOrientations_iPad = "UIInterfaceOrientationPortrait UIInterfaceOrientationPortraitUpsideDown UIInterfaceOrientationLandscapeLeft UIInterfaceOrientationLandscapeRight";
				INFOPLIST_KEY_UISupportedInterfaceOrientations_iPhone = "UIInterfaceOrientationPortrait UIInterfaceOrientationLandscapeLeft UIInterfaceOrientationLandscapeRight";
				IPHONEOS_DEPLOYMENT_TARGET = 17.4;
				LD_RUNPATH_SEARCH_PATHS = "@executable_path/Frameworks";
				"LD_RUNPATH_SEARCH_PATHS[sdk=macosx*]" = "@executable_path/../Frameworks";
				MACOSX_DEPLOYMENT_TARGET = 14.0;
				MARKETING_VERSION = 1.0;
				PRODUCT_BUNDLE_IDENTIFIER = "KaifxDev.Medicine-Two";
				PRODUCT_NAME = "$(TARGET_NAME)";
				SDKROOT = auto;
				SUPPORTED_PLATFORMS = "iphoneos iphonesimulator macosx";
				SWIFT_EMIT_LOC_STRINGS = YES;
				SWIFT_VERSION = 5.0;
				TARGETED_DEVICE_FAMILY = "1,2";
			};
			name = Release;
		};
		BCA6B50E2BD6C9DD00A3BC9D /* Debug */ = {
			isa = XCBuildConfiguration;
			buildSettings = {
				ALWAYS_EMBED_SWIFT_STANDARD_LIBRARIES = YES;
				BUNDLE_LOADER = "$(TEST_HOST)";
				CODE_SIGN_STYLE = Automatic;
				CURRENT_PROJECT_VERSION = 1;
				DEVELOPMENT_TEAM = Z7K99Z9PAU;
				GENERATE_INFOPLIST_FILE = YES;
				IPHONEOS_DEPLOYMENT_TARGET = 17.4;
				MACOSX_DEPLOYMENT_TARGET = 14.4;
				MARKETING_VERSION = 1.0;
				PRODUCT_BUNDLE_IDENTIFIER = "KaifxDev.Medicine-TwoTests";
				PRODUCT_NAME = "$(TARGET_NAME)";
				SDKROOT = auto;
				SUPPORTED_PLATFORMS = "iphoneos iphonesimulator macosx";
				SWIFT_EMIT_LOC_STRINGS = NO;
				SWIFT_VERSION = 5.0;
				TARGETED_DEVICE_FAMILY = "1,2";
				TEST_HOST = "$(BUILT_PRODUCTS_DIR)/Medicine-Two.app/$(BUNDLE_EXECUTABLE_FOLDER_PATH)/Medicine-Two";
			};
			name = Debug;
		};
		BCA6B50F2BD6C9DD00A3BC9D /* Release */ = {
			isa = XCBuildConfiguration;
			buildSettings = {
				ALWAYS_EMBED_SWIFT_STANDARD_LIBRARIES = YES;
				BUNDLE_LOADER = "$(TEST_HOST)";
				CODE_SIGN_STYLE = Automatic;
				CURRENT_PROJECT_VERSION = 1;
				DEVELOPMENT_TEAM = Z7K99Z9PAU;
				GENERATE_INFOPLIST_FILE = YES;
				IPHONEOS_DEPLOYMENT_TARGET = 17.4;
				MACOSX_DEPLOYMENT_TARGET = 14.4;
				MARKETING_VERSION = 1.0;
				PRODUCT_BUNDLE_IDENTIFIER = "KaifxDev.Medicine-TwoTests";
				PRODUCT_NAME = "$(TARGET_NAME)";
				SDKROOT = auto;
				SUPPORTED_PLATFORMS = "iphoneos iphonesimulator macosx";
				SWIFT_EMIT_LOC_STRINGS = NO;
				SWIFT_VERSION = 5.0;
				TARGETED_DEVICE_FAMILY = "1,2";
				TEST_HOST = "$(BUILT_PRODUCTS_DIR)/Medicine-Two.app/$(BUNDLE_EXECUTABLE_FOLDER_PATH)/Medicine-Two";
			};
			name = Release;
		};
		BCA6B5112BD6C9DD00A3BC9D /* Debug */ = {
			isa = XCBuildConfiguration;
			buildSettings = {
				ALWAYS_EMBED_SWIFT_STANDARD_LIBRARIES = YES;
				CODE_SIGN_STYLE = Automatic;
				CURRENT_PROJECT_VERSION = 1;
				DEVELOPMENT_TEAM = Z7K99Z9PAU;
				GENERATE_INFOPLIST_FILE = YES;
				IPHONEOS_DEPLOYMENT_TARGET = 17.4;
				MACOSX_DEPLOYMENT_TARGET = 14.4;
				MARKETING_VERSION = 1.0;
				PRODUCT_BUNDLE_IDENTIFIER = "KaifxDev.Medicine-TwoUITests";
				PRODUCT_NAME = "$(TARGET_NAME)";
				SDKROOT = auto;
				SUPPORTED_PLATFORMS = "iphoneos iphonesimulator macosx";
				SWIFT_EMIT_LOC_STRINGS = NO;
				SWIFT_VERSION = 5.0;
				TARGETED_DEVICE_FAMILY = "1,2";
				TEST_TARGET_NAME = "Medicine-Two";
			};
			name = Debug;
		};
		BCA6B5122BD6C9DD00A3BC9D /* Release */ = {
			isa = XCBuildConfiguration;
			buildSettings = {
				ALWAYS_EMBED_SWIFT_STANDARD_LIBRARIES = YES;
				CODE_SIGN_STYLE = Automatic;
				CURRENT_PROJECT_VERSION = 1;
				DEVELOPMENT_TEAM = Z7K99Z9PAU;
				GENERATE_INFOPLIST_FILE = YES;
				IPHONEOS_DEPLOYMENT_TARGET = 17.4;
				MACOSX_DEPLOYMENT_TARGET = 14.4;
				MARKETING_VERSION = 1.0;
				PRODUCT_BUNDLE_IDENTIFIER = "KaifxDev.Medicine-TwoUITests";
				PRODUCT_NAME = "$(TARGET_NAME)";
				SDKROOT = auto;
				SUPPORTED_PLATFORMS = "iphoneos iphonesimulator macosx";
				SWIFT_EMIT_LOC_STRINGS = NO;
				SWIFT_VERSION = 5.0;
				TARGETED_DEVICE_FAMILY = "1,2";
				TEST_TARGET_NAME = "Medicine-Two";
			};
			name = Release;
		};
/* End XCBuildConfiguration section */

/* Begin XCConfigurationList section */
		BCA6B4DE2BD6C9DB00A3BC9D /* Build configuration list for PBXProject "Medicine-Two" */ = {
			isa = XCConfigurationList;
			buildConfigurations = (
				BCA6B5082BD6C9DD00A3BC9D /* Debug */,
				BCA6B5092BD6C9DD00A3BC9D /* Release */,
			);
			defaultConfigurationIsVisible = 0;
			defaultConfigurationName = Release;
		};
		BCA6B50A2BD6C9DD00A3BC9D /* Build configuration list for PBXNativeTarget "Medicine-Two" */ = {
			isa = XCConfigurationList;
			buildConfigurations = (
				BCA6B50B2BD6C9DD00A3BC9D /* Debug */,
				BCA6B50C2BD6C9DD00A3BC9D /* Release */,
			);
			defaultConfigurationIsVisible = 0;
			defaultConfigurationName = Release;
		};
		BCA6B50D2BD6C9DD00A3BC9D /* Build configuration list for PBXNativeTarget "Medicine-TwoTests" */ = {
			isa = XCConfigurationList;
			buildConfigurations = (
				BCA6B50E2BD6C9DD00A3BC9D /* Debug */,
				BCA6B50F2BD6C9DD00A3BC9D /* Release */,
			);
			defaultConfigurationIsVisible = 0;
			defaultConfigurationName = Release;
		};
		BCA6B5102BD6C9DD00A3BC9D /* Build configuration list for PBXNativeTarget "Medicine-TwoUITests" */ = {
			isa = XCConfigurationList;
			buildConfigurations = (
				BCA6B5112BD6C9DD00A3BC9D /* Debug */,
				BCA6B5122BD6C9DD00A3BC9D /* Release */,
			);
			defaultConfigurationIsVisible = 0;
			defaultConfigurationName = Release;
		};
/* End XCConfigurationList section */
	};
	rootObject = BCA6B4DB2BD6C9DB00A3BC9D /* Project object */;
}
